Microsoft Visual Studio Solution File, Format Version 12.00
# Visual Studio Version 17
VisualStudioVersion = 17.5.2.0
MinimumVisualStudioVersion = 10.0.40219.1
Project("{2150E333-8FDC-42A3-9474-1A3956D46DE8}") = "week1-lab", "week1-lab", "{89C632FA-B6A8-7656-FBBB-F45CC3CE93DA}"
EndProject
Project("{2150E333-8FDC-42A3-9474-1A3956D46DE8}") = "week2-lab", "week2-lab", "{183CF70D-795E-24C3-B82D-9ECE52DC327A}"
EndProject
Project("{2150E333-8FDC-42A3-9474-1A3956D46DE8}") = "week3-lab", "week3-lab", "{1E46B904-7A22-1178-D7CD-7C9139BA2E46}"
EndProject
Project("{2150E333-8FDC-42A3-9474-1A3956D46DE8}") = "week4-lab", "week4-lab", "{ACCBFCC6-42E2-D8AD-CCD1-C1940A362217}"
EndProject
Project("{2150E333-8FDC-42A3-9474-1A3956D46DE8}") = "week5-lab", "week5-lab", "{ACEFE4EB-6B28-2AE5-EAE5-7752A8BDECE7}"
EndProject
Project("{2150E333-8FDC-42A3-9474-1A3956D46DE8}") = "week6-lab", "week6-lab", "{FDFFF606-39A5-1D33-8B0C-67E182902ECD}"
EndProject
Project("{2150E333-8FDC-42A3-9474-1A3956D46DE8}") = "week7-lab", "week7-lab", "{3DE70ACD-A5AB-A271-549A-AB32EE0EEE5F}"
EndProject
Project("{2150E333-8FDC-42A3-9474-1A3956D46DE8}") = "week1-day1-intro-csharp", "week1-day1-intro-csharp", "{CAB34263-D600-0D2A-9127-2ED6CE3CF034}"
EndProject
Project("{FAE04EC0-301F-11D3-BF4B-00C04F79EFBC}") = "Lab", "week1-lab\week1-day1-intro-csharp\Lab\Lab.csproj", "{D8599574-EA2E-4D35-CDEA-5C785D121DE5}"
EndProject
Project("{FAE04EC0-301F-11D3-BF4B-00C04F79EFBC}") = "Lab.Tests", "week1-lab\week1-day1-intro-csharp\Lab.Tests\Lab.Tests.csproj", "{C82F3E23-766E-997D-880A-7928D1F635B3}"
EndProject
Project("{2150E333-8FDC-42A3-9474-1A3956D46DE8}") = "week2-day1-arrays", "week2-day1-arrays", "{C123F89D-F91F-4004-E7CC-44E8AD21AFDE}"
EndProject
Project("{FAE04EC0-301F-11D3-BF4B-00C04F79EFBC}") = "Lab", "week2-lab\week2-day1-arrays\Lab\Lab.csproj", "{8B1F0CBD-2521-4E3B-E497-FFE17B93F2B6}"
EndProject
Project("{FAE04EC0-301F-11D3-BF4B-00C04F79EFBC}") = "Lab.Tests", "week2-lab\week2-day1-arrays\Lab.Tests\Lab.Tests.csproj", "{F867EBB9-EABB-891D-B699-87D5BA14B820}"
EndProject
Project("{2150E333-8FDC-42A3-9474-1A3956D46DE8}") = "week3-day1-classes-part1", "week3-day1-classes-part1", "{209191DB-72AB-221D-C50E-DB28B3918C86}"
EndProject
Project("{FAE04EC0-301F-11D3-BF4B-00C04F79EFBC}") = "Lab", "week3-lab\week3-day1-classes-part1\Lab\Lab.csproj", "{805D0E0F-82B4-CBBB-4A9A-A591EDD97A86}"
EndProject
Project("{FAE04EC0-301F-11D3-BF4B-00C04F79EFBC}") = "Lab.Tests", "week3-lab\week3-day1-classes-part1\Lab.Tests\Lab.Tests.csproj", "{08DE8C15-9DBA-2EF0-7D71-4CA9179AF9DE}"
EndProject
Project("{2150E333-8FDC-42A3-9474-1A3956D46DE8}") = "week4-day1-classes-part2", "week4-day1-classes-part2", "{C33C9162-BD50-155B-C8F0-6EE93BF55E4D}"
EndProject
Project("{FAE04EC0-301F-11D3-BF4B-00C04F79EFBC}") = "Lab", "week4-lab\week4-day1-classes-part2\Lab\Lab.csproj", "{C71C8263-8AB4-7307-C908-343FE5E0069C}"
EndProject
Project("{FAE04EC0-301F-11D3-BF4B-00C04F79EFBC}") = "Lab.Tests", "week4-lab\week4-day1-classes-part2\Lab.Tests\Lab.Tests.csproj", "{4588098F-1562-C3FC-B44E-EA082132606E}"
EndProject
Project("{2150E333-8FDC-42A3-9474-1A3956D46DE8}") = "week5-day1-inheritance", "week5-day1-inheritance", "{D194013F-3D86-3092-9248-26BECE8B071F}"
EndProject
Project("{FAE04EC0-301F-11D3-BF4B-00C04F79EFBC}") = "Lab", "week5-lab\week5-day1-inheritance\Lab\Lab.csproj", "{F747338B-07ED-C94B-067D-58D3535577EC}"
EndProject
Project("{FAE04EC0-301F-11D3-BF4B-00C04F79EFBC}") = "Lab.Tests", "week5-lab\week5-day1-inheritance\Lab.Tests\Lab.Tests.csproj", "{BD7D38A6-BF56-C41A-855C-480903B594DF}"
EndProject
Project("{2150E333-8FDC-42A3-9474-1A3956D46DE8}") = "week6-day1-interfaces", "week6-day1-interfaces", "{08631F7A-DE4E-91FA-EA82-F445F5B515C0}"
EndProject
Project("{FAE04EC0-301F-11D3-BF4B-00C04F79EFBC}") = "Lab", "week6-lab\week6-day1-interfaces\Lab\Lab.csproj", "{A32CC09C-7C1A-E3BB-91D8-4B2BD8292E7C}"
EndProject
Project("{FAE04EC0-301F-11D3-BF4B-00C04F79EFBC}") = "Lab.Tests", "week6-lab\week6-day1-interfaces\Lab.Tests\Lab.Tests.csproj", "{314BAE6F-FD94-BEE1-C85D-1A4D002EADFD}"
EndProject
Project("{2150E333-8FDC-42A3-9474-1A3956D46DE8}") = "week7-day1-exceptions", "week7-day1-exceptions", "{9EAC2C4D-4832-4A66-4005-333481E009F9}"
EndProject
Project("{FAE04EC0-301F-11D3-BF4B-00C04F79EFBC}") = "Lab", "week7-lab\week7-day1-exceptions\Lab\Lab.csproj", "{1386B4FD-1752-2A50-E265-C6F6045808EA}"
EndProject
Project("{FAE04EC0-301F-11D3-BF4B-00C04F79EFBC}") = "Lab.Tests", "week7-lab\week7-day1-exceptions\Lab.Tests\Lab.Tests.csproj", "{C3837822-4C6F-E601-89B1-0CA5A71F9078}"
EndProject
Global
	GlobalSection(SolutionConfigurationPlatforms) = preSolution
		Debug|Any CPU = Debug|Any CPU
		Release|Any CPU = Release|Any CPU
	EndGlobalSection
	GlobalSection(ProjectConfigurationPlatforms) = postSolution
		{D8599574-EA2E-4D35-CDEA-5C785D121DE5}.Debug|Any CPU.ActiveCfg = Debug|Any CPU
		{D8599574-EA2E-4D35-CDEA-5C785D121DE5}.Debug|Any CPU.Build.0 = Debug|Any CPU
		{D8599574-EA2E-4D35-CDEA-5C785D121DE5}.Release|Any CPU.ActiveCfg = Release|Any CPU
		{D8599574-EA2E-4D35-CDEA-5C785D121DE5}.Release|Any CPU.Build.0 = Release|Any CPU
		{C82F3E23-766E-997D-880A-7928D1F635B3}.Debug|Any CPU.ActiveCfg = Debug|Any CPU
		{C82F3E23-766E-997D-880A-7928D1F635B3}.Debug|Any CPU.Build.0 = Debug|Any CPU
		{C82F3E23-766E-997D-880A-7928D1F635B3}.Release|Any CPU.ActiveCfg = Release|Any CPU
		{C82F3E23-766E-997D-880A-7928D1F635B3}.Release|Any CPU.Build.0 = Release|Any CPU
		{8B1F0CBD-2521-4E3B-E497-FFE17B93F2B6}.Debug|Any CPU.ActiveCfg = Debug|Any CPU
		{8B1F0CBD-2521-4E3B-E497-FFE17B93F2B6}.Debug|Any CPU.Build.0 = Debug|Any CPU
		{8B1F0CBD-2521-4E3B-E497-FFE17B93F2B6}.Release|Any CPU.ActiveCfg = Release|Any CPU
		{8B1F0CBD-2521-4E3B-E497-FFE17B93F2B6}.Release|Any CPU.Build.0 = Release|Any CPU
		{F867EBB9-EABB-891D-B699-87D5BA14B820}.Debug|Any CPU.ActiveCfg = Debug|Any CPU
		{F867EBB9-EABB-891D-B699-87D5BA14B820}.Debug|Any CPU.Build.0 = Debug|Any CPU
		{F867EBB9-EABB-891D-B699-87D5BA14B820}.Release|Any CPU.ActiveCfg = Release|Any CPU
		{F867EBB9-EABB-891D-B699-87D5BA14B820}.Release|Any CPU.Build.0 = Release|Any CPU
		{805D0E0F-82B4-CBBB-4A9A-A591EDD97A86}.Debug|Any CPU.ActiveCfg = Debug|Any CPU
		{805D0E0F-82B4-CBBB-4A9A-A591EDD97A86}.Debug|Any CPU.Build.0 = Debug|Any CPU
		{805D0E0F-82B4-CBBB-4A9A-A591EDD97A86}.Release|Any CPU.ActiveCfg = Release|Any CPU
		{805D0E0F-82B4-CBBB-4A9A-A591EDD97A86}.Release|Any CPU.Build.0 = Release|Any CPU
		{08DE8C15-9DBA-2EF0-7D71-4CA9179AF9DE}.Debug|Any CPU.ActiveCfg = Debug|Any CPU
		{08DE8C15-9DBA-2EF0-7D71-4CA9179AF9DE}.Debug|Any CPU.Build.0 = Debug|Any CPU
		{08DE8C15-9DBA-2EF0-7D71-4CA9179AF9DE}.Release|Any CPU.ActiveCfg = Release|Any CPU
		{08DE8C15-9DBA-2EF0-7D71-4CA9179AF9DE}.Release|Any CPU.Build.0 = Release|Any CPU
		{C71C8263-8AB4-7307-C908-343FE5E0069C}.Debug|Any CPU.ActiveCfg = Debug|Any CPU
		{C71C8263-8AB4-7307-C908-343FE5E0069C}.Debug|Any CPU.Build.0 = Debug|Any CPU
		{C71C8263-8AB4-7307-C908-343FE5E0069C}.Release|Any CPU.ActiveCfg = Release|Any CPU
		{C71C8263-8AB4-7307-C908-343FE5E0069C}.Release|Any CPU.Build.0 = Release|Any CPU
		{4588098F-1562-C3FC-B44E-EA082132606E}.Debug|Any CPU.ActiveCfg = Debug|Any CPU
		{4588098F-1562-C3FC-B44E-EA082132606E}.Debug|Any CPU.Build.0 = Debug|Any CPU
		{4588098F-1562-C3FC-B44E-EA082132606E}.Release|Any CPU.ActiveCfg = Release|Any CPU
		{4588098F-1562-C3FC-B44E-EA082132606E}.Release|Any CPU.Build.0 = Release|Any CPU
		{F747338B-07ED-C94B-067D-58D3535577EC}.Debug|Any CPU.ActiveCfg = Debug|Any CPU
		{F747338B-07ED-C94B-067D-58D3535577EC}.Debug|Any CPU.Build.0 = Debug|Any CPU
		{F747338B-07ED-C94B-067D-58D3535577EC}.Release|Any CPU.ActiveCfg = Release|Any CPU
		{F747338B-07ED-C94B-067D-58D3535577EC}.Release|Any CPU.Build.0 = Release|Any CPU
		{BD7D38A6-BF56-C41A-855C-480903B594DF}.Debug|Any CPU.ActiveCfg = Debug|Any CPU
		{BD7D38A6-BF56-C41A-855C-480903B594DF}.Debug|Any CPU.Build.0 = Debug|Any CPU
		{BD7D38A6-BF56-C41A-855C-480903B594DF}.Release|Any CPU.ActiveCfg = Release|Any CPU
		{BD7D38A6-BF56-C41A-855C-480903B594DF}.Release|Any CPU.Build.0 = Release|Any CPU
		{A32CC09C-7C1A-E3BB-91D8-4B2BD8292E7C}.Debug|Any CPU.ActiveCfg = Debug|Any CPU
		{A32CC09C-7C1A-E3BB-91D8-4B2BD8292E7C}.Debug|Any CPU.Build.0 = Debug|Any CPU
		{A32CC09C-7C1A-E3BB-91D8-4B2BD8292E7C}.Release|Any CPU.ActiveCfg = Release|Any CPU
		{A32CC09C-7C1A-E3BB-91D8-4B2BD8292E7C}.Release|Any CPU.Build.0 = Release|Any CPU
		{314BAE6F-FD94-BEE1-C85D-1A4D002EADFD}.Debug|Any CPU.ActiveCfg = Debug|Any CPU
		{314BAE6F-FD94-BEE1-C85D-1A4D002EADFD}.Debug|Any CPU.Build.0 = Debug|Any CPU
		{314BAE6F-FD94-BEE1-C85D-1A4D002EADFD}.Release|Any CPU.ActiveCfg = Release|Any CPU
		{314BAE6F-FD94-BEE1-C85D-1A4D002EADFD}.Release|Any CPU.Build.0 = Release|Any CPU
		{1386B4FD-1752-2A50-E265-C6F6045808EA}.Debug|Any CPU.ActiveCfg = Debug|Any CPU
		{1386B4FD-1752-2A50-E265-C6F6045808EA}.Debug|Any CPU.Build.0 = Debug|Any CPU
		{1386B4FD-1752-2A50-E265-C6F6045808EA}.Release|Any CPU.ActiveCfg = Release|Any CPU
		{1386B4FD-1752-2A50-E265-C6F6045808EA}.Release|Any CPU.Build.0 = Release|Any CPU
		{C3837822-4C6F-E601-89B1-0CA5A71F9078}.Debug|Any CPU.ActiveCfg = Debug|Any CPU
		{C3837822-4C6F-E601-89B1-0CA5A71F9078}.Debug|Any CPU.Build.0 = Debug|Any CPU
		{C3837822-4C6F-E601-89B1-0CA5A71F9078}.Release|Any CPU.ActiveCfg = Release|Any CPU
		{C3837822-4C6F-E601-89B1-0CA5A71F9078}.Release|Any CPU.Build.0 = Release|Any CPU
	EndGlobalSection
	GlobalSection(SolutionProperties) = preSolution
		HideSolutionNode = FALSE
	EndGlobalSection
	GlobalSection(NestedProjects) = preSolution
		{CAB34263-D600-0D2A-9127-2ED6CE3CF034} = {89C632FA-B6A8-7656-FBBB-F45CC3CE93DA}
		{D8599574-EA2E-4D35-CDEA-5C785D121DE5} = {CAB34263-D600-0D2A-9127-2ED6CE3CF034}
		{C82F3E23-766E-997D-880A-7928D1F635B3} = {CAB34263-D600-0D2A-9127-2ED6CE3CF034}
		{C123F89D-F91F-4004-E7CC-44E8AD21AFDE} = {183CF70D-795E-24C3-B82D-9ECE52DC327A}
		{8B1F0CBD-2521-4E3B-E497-FFE17B93F2B6} = {C123F89D-F91F-4004-E7CC-44E8AD21AFDE}
		{F867EBB9-EABB-891D-B699-87D5BA14B820} = {C123F89D-F91F-4004-E7CC-44E8AD21AFDE}
		{209191DB-72AB-221D-C50E-DB28B3918C86} = {1E46B904-7A22-1178-D7CD-7C9139BA2E46}
		{805D0E0F-82B4-CBBB-4A9A-A591EDD97A86} = {209191DB-72AB-221D-C50E-DB28B3918C86}
		{08DE8C15-9DBA-2EF0-7D71-4CA9179AF9DE} = {209191DB-72AB-221D-C50E-DB28B3918C86}
		{C33C9162-BD50-155B-C8F0-6EE93BF55E4D} = {ACCBFCC6-42E2-D8AD-CCD1-C1940A362217}
		{C71C8263-8AB4-7307-C908-343FE5E0069C} = {C33C9162-BD50-155B-C8F0-6EE93BF55E4D}
		{4588098F-1562-C3FC-B44E-EA082132606E} = {C33C9162-BD50-155B-C8F0-6EE93BF55E4D}
		{D194013F-3D86-3092-9248-26BECE8B071F} = {ACEFE4EB-6B28-2AE5-EAE5-7752A8BDECE7}
		{F747338B-07ED-C94B-067D-58D3535577EC} = {D194013F-3D86-3092-9248-26BECE8B071F}
		{BD7D38A6-BF56-C41A-855C-480903B594DF} = {D194013F-3D86-3092-9248-26BECE8B071F}
		{08631F7A-DE4E-91FA-EA82-F445F5B515C0} = {FDFFF606-39A5-1D33-8B0C-67E182902ECD}
		{A32CC09C-7C1A-E3BB-91D8-4B2BD8292E7C} = {08631F7A-DE4E-91FA-EA82-F445F5B515C0}
		{314BAE6F-FD94-BEE1-C85D-1A4D002EADFD} = {08631F7A-DE4E-91FA-EA82-F445F5B515C0}
		{9EAC2C4D-4832-4A66-4005-333481E009F9} = {3DE70ACD-A5AB-A271-549A-AB32EE0EEE5F}
		{1386B4FD-1752-2A50-E265-C6F6045808EA} = {9EAC2C4D-4832-4A66-4005-333481E009F9}
		{C3837822-4C6F-E601-89B1-0CA5A71F9078} = {9EAC2C4D-4832-4A66-4005-333481E009F9}
	EndGlobalSection
	GlobalSection(ExtensibilityGlobals) = postSolution
		SolutionGuid = {481899D1-26FC-4698-87B3-B3CF03F38E4A}
	EndGlobalSection
EndGlobal
